// !$*UTF8*$!
{
	archiveVersion = 1;
	classes = {
	};
	objectVersion = 56;
	objects = {

/* Begin PBXBuildFile section */
		8B77C0312C26A00100AC0001 /* AppleContainerMenuApp.swift in Sources */ = {isa = PBXBuildFile; fileRef = 8B77C0302C26A00100AC0001 /* AppleContainerMenuApp.swift */; };
		8B77C0412C26A00100AC0001 /* Container.swift in Sources */ = {isa = PBXBuildFile; fileRef = 8B77C0402C26A00100AC0001 /* Container.swift */; };
		8B77C0432C26A00100AC0001 /* MenuState.swift in Sources */ = {isa = PBXBuildFile; fileRef = 8B77C0422C26A00100AC0001 /* MenuState.swift */; };
		8B77C0452C26A00100AC0001 /* ContainerCLI.swift in Sources */ = {isa = PBXBuildFile; fileRef = 8B77C0442C26A00100AC0001 /* ContainerCLI.swift */; };
		8B77C0472C26A00100AC0001 /* ContainerStore.swift in Sources */ = {isa = PBXBuildFile; fileRef = 8B77C0462C26A00100AC0001 /* ContainerStore.swift */; };
		8B77C0492C26A00100AC0001 /* AppDelegate.swift in Sources */ = {isa = PBXBuildFile; fileRef = 8B77C0482C26A00100AC0001 /* AppDelegate.swift */; };
		8BAA20012E00000100AC0001 /* TestTags.swift in Sources */ = {isa = PBXBuildFile; fileRef = 8BAA10012E00000100AC0001 /* TestTags.swift */; };
		8BAA20022E00000100AC0001 /* MenuStateMatchers.swift in Sources */ = {isa = PBXBuildFile; fileRef = 8BAA10022E00000100AC0001 /* MenuStateMatchers.swift */; };
		8BAA20032E00000100AC0001 /* Fixtures.swift in Sources */ = {isa = PBXBuildFile; fileRef = 8BAA10032E00000100AC0001 /* Fixtures.swift */; };
		8BAA20042E00000100AC0001 /* StubContainerBinary.swift in Sources */ = {isa = PBXBuildFile; fileRef = 8BAA10042E00000100AC0001 /* StubContainerBinary.swift */; };
		8BAA20052E00000100AC0001 /* FakeCLI.swift in Sources */ = {isa = PBXBuildFile; fileRef = 8BAA10052E00000100AC0001 /* FakeCLI.swift */; };
		8BAA20062E00000100AC0001 /* ContainerDecodingTests.swift in Sources */ = {isa = PBXBuildFile; fileRef = 8BAA10062E00000100AC0001 /* ContainerDecodingTests.swift */; };
		8BAA20072E00000100AC0001 /* ContainerLabelTests.swift in Sources */ = {isa = PBXBuildFile; fileRef = 8BAA10072E00000100AC0001 /* ContainerLabelTests.swift */; };
		8BAA20082E00000100AC0001 /* ContainerCLIFetchTests.swift in Sources */ = {isa = PBXBuildFile; fileRef = 8BAA10082E00000100AC0001 /* ContainerCLIFetchTests.swift */; };
		8BAA20092E00000100AC0001 /* ContainerCLIFunctionalTests.swift in Sources */ = {isa = PBXBuildFile; fileRef = 8BAA10092E00000100AC0001 /* ContainerCLIFunctionalTests.swift */; };
		8BAA200A2E00000100AC0001 /* ContainerCLITimeoutTests.swift in Sources */ = {isa = PBXBuildFile; fileRef = 8BAA100A2E00000100AC0001 /* ContainerCLITimeoutTests.swift */; };
/* End PBXBuildFile section */

/* Begin PBXFileReference section */
		8B77C02D2C26A00100AC0001 /* AppleContainerMenu.app */ = {isa = PBXFileReference; explicitFileType = wrapper.application; includeInIndex = 0; path = AppleContainerMenu.app; sourceTree = BUILT_PRODUCTS_DIR; };
		8B77C0302C26A00100AC0001 /* AppleContainerMenuApp.swift */ = {isa = PBXFileReference; lastKnownFileType = sourcecode.swift; path = AppleContainerMenuApp.swift; sourceTree = "<group>"; };
		8B77C0402C26A00100AC0001 /* Container.swift */ = {isa = PBXFileReference; lastKnownFileType = sourcecode.swift; path = Container.swift; sourceTree = "<group>"; };
		8B77C0422C26A00100AC0001 /* MenuState.swift */ = {isa = PBXFileReference; lastKnownFileType = sourcecode.swift; path = MenuState.swift; sourceTree = "<group>"; };
		8B77C0442C26A00100AC0001 /* ContainerCLI.swift */ = {isa = PBXFileReference; lastKnownFileType = sourcecode.swift; path = ContainerCLI.swift; sourceTree = "<group>"; };
		8B77C0462C26A00100AC0001 /* ContainerStore.swift */ = {isa = PBXFileReference; lastKnownFileType = sourcecode.swift; path = ContainerStore.swift; sourceTree = "<group>"; };
		8B77C0482C26A00100AC0001 /* AppDelegate.swift */ = {isa = PBXFileReference; lastKnownFileType = sourcecode.swift; path = AppDelegate.swift; sourceTree = "<group>"; };
		8B77C0322C26A00100AC0001 /* Info.plist */ = {isa = PBXFileReference; lastKnownFileType = text.plist.xml; path = Info.plist; sourceTree = "<group>"; };
		8BAA10012E00000100AC0001 /* TestTags.swift */ = {isa = PBXFileReference; lastKnownFileType = sourcecode.swift; path = TestTags.swift; sourceTree = "<group>"; };
		8BAA10022E00000100AC0001 /* MenuStateMatchers.swift */ = {isa = PBXFileReference; lastKnownFileType = sourcecode.swift; path = MenuStateMatchers.swift; sourceTree = "<group>"; };
		8BAA10032E00000100AC0001 /* Fixtures.swift */ = {isa = PBXFileReference; lastKnownFileType = sourcecode.swift; path = Fixtures.swift; sourceTree = "<group>"; };
		8BAA10042E00000100AC0001 /* StubContainerBinary.swift */ = {isa = PBXFileReference; lastKnownFileType = sourcecode.swift; path = StubContainerBinary.swift; sourceTree = "<group>"; };
		8BAA10052E00000100AC0001 /* FakeCLI.swift */ = {isa = PBXFileReference; lastKnownFileType = sourcecode.swift; path = FakeCLI.swift; sourceTree = "<group>"; };
		8BAA10062E00000100AC0001 /* ContainerDecodingTests.swift */ = {isa = PBXFileReference; lastKnownFileType = sourcecode.swift; path = ContainerDecodingTests.swift; sourceTree = "<group>"; };
		8BAA10072E00000100AC0001 /* ContainerLabelTests.swift */ = {isa = PBXFileReference; lastKnownFileType = sourcecode.swift; path = ContainerLabelTests.swift; sourceTree = "<group>"; };
		8BAA10082E00000100AC0001 /* ContainerCLIFetchTests.swift */ = {isa = PBXFileReference; lastKnownFileType = sourcecode.swift; path = ContainerCLIFetchTests.swift; sourceTree = "<group>"; };
		8BAA10092E00000100AC0001 /* ContainerCLIFunctionalTests.swift */ = {isa = PBXFileReference; lastKnownFileType = sourcecode.swift; path = ContainerCLIFunctionalTests.swift; sourceTree = "<group>"; };
		8BAA100A2E00000100AC0001 /* ContainerCLITimeoutTests.swift */ = {isa = PBXFileReference; lastKnownFileType = sourcecode.swift; path = ContainerCLITimeoutTests.swift; sourceTree = "<group>"; };
		8BAA30002E00000100AC0001 /* AppleContainerMenuTests.xctest */ = {isa = PBXFileReference; explicitFileType = wrapper.cfbundle; includeInIndex = 0; path = AppleContainerMenuTests.xctest; sourceTree = BUILT_PRODUCTS_DIR; };
/* End PBXFileReference section */

/* Begin PBXFrameworksBuildPhase section */
		8B77C02A2C26A00100AC0001 /* Frameworks */ = {
			isa = PBXFrameworksBuildPhase;
			buildActionMask = 2147483647;
			files = (
			);
			runOnlyForDeploymentPostprocessing = 0;
		};
/* End PBXFrameworksBuildPhase section */

/* Begin PBXGroup section */
		8B77C0242C26A00100AC0001 = {
			isa = PBXGroup;
			children = (
				8B77C02F2C26A00100AC0001 /* AppleContainerMenu */,
				8BAA60002E00000100AC0001 /* AppleContainerMenuTests */,
				8B77C02E2C26A00100AC0001 /* Products */,
			);
			sourceTree = "<group>";
		};
		8B77C02E2C26A00100AC0001 /* Products */ = {
			isa = PBXGroup;
			children = (
				8B77C02D2C26A00100AC0001 /* AppleContainerMenu.app */,
				8BAA30002E00000100AC0001 /* AppleContainerMenuTests.xctest */,
			);
			name = Products;
			sourceTree = "<group>";
		};
		8BAA60002E00000100AC0001 /* AppleContainerMenuTests */ = {
			isa = PBXGroup;
			children = (
				8BAA10012E00000100AC0001 /* TestTags.swift */,
				8BAA10022E00000100AC0001 /* MenuStateMatchers.swift */,
				8BAA10032E00000100AC0001 /* Fixtures.swift */,
				8BAA10042E00000100AC0001 /* StubContainerBinary.swift */,
				8BAA10052E00000100AC0001 /* FakeCLI.swift */,
				8BAA10062E00000100AC0001 /* ContainerDecodingTests.swift */,
				8BAA10072E00000100AC0001 /* ContainerLabelTests.swift */,
				8BAA10082E00000100AC0001 /* ContainerCLIFetchTests.swift */,
				8BAA10092E00000100AC0001 /* ContainerCLIFunctionalTests.swift */,
				8BAA100A2E00000100AC0001 /* ContainerCLITimeoutTests.swift */,
			);
			path = AppleContainerMenuTests;
			sourceTree = "<group>";
		};
		8B77C02F2C26A00100AC0001 /* AppleContainerMenu */ = {
			isa = PBXGroup;
			children = (
				8B77C0302C26A00100AC0001 /* AppleContainerMenuApp.swift */,
				8B77C0402C26A00100AC0001 /* Container.swift */,
				8B77C0422C26A00100AC0001 /* MenuState.swift */,
				8B77C0442C26A00100AC0001 /* ContainerCLI.swift */,
				8B77C0462C26A00100AC0001 /* ContainerStore.swift */,
				8B77C0482C26A00100AC0001 /* AppDelegate.swift */,
				8B77C0322C26A00100AC0001 /* Info.plist */,
			);
			path = AppleContainerMenu;
			sourceTree = "<group>";
		};
/* End PBXGroup section */

/* Begin PBXNativeTarget section */
		8B77C02C2C26A00100AC0001 /* AppleContainerMenu */ = {
			isa = PBXNativeTarget;
			buildConfigurationList = 8B77C0382C26A00100AC0001 /* Build configuration list for PBXNativeTarget "AppleContainerMenu" */;
			buildPhases = (
				8B77C0292C26A00100AC0001 /* Sources */,
				8B77C02A2C26A00100AC0001 /* Frameworks */,
				8B77C02B2C26A00100AC0001 /* Resources */,
			);
			buildRules = (
			);
			dependencies = (
			);
			name = AppleContainerMenu;
			productName = AppleContainerMenu;
			productReference = 8B77C02D2C26A00100AC0001 /* AppleContainerMenu.app */;
			productType = "com.apple.product-type.application";
		};
		8BAA40002E00000100AC0001 /* AppleContainerMenuTests */ = {
			isa = PBXNativeTarget;
			buildConfigurationList = 8BAAA0002E00000100AC0001 /* Build configuration list for PBXNativeTarget "AppleContainerMenuTests" */;
			buildPhases = (
				8BAA50002E00000100AC0001 /* Sources */,
			);
			buildRules = (
			);
			dependencies = (
				8BAA80002E00000100AC0001 /* PBXTargetDependency */,
			);
			name = AppleContainerMenuTests;
			productName = AppleContainerMenuTests;
			productReference = 8BAA30002E00000100AC0001 /* AppleContainerMenuTests.xctest */;
			productType = "com.apple.product-type.bundle.unit-test";
		};
/* End PBXNativeTarget section */

/* Begin PBXContainerItemProxy section */
		8BAA70002E00000100AC0001 /* PBXContainerItemProxy */ = {
			isa = PBXContainerItemProxy;
			containerPortal = 8B77C0252C26A00100AC0001 /* Project object */;
			proxyType = 1;
			remoteGlobalIDString = 8B77C02C2C26A00100AC0001;
			remoteInfo = AppleContainerMenu;
		};
/* End PBXContainerItemProxy section */

/* Begin PBXTargetDependency section */
		8BAA80002E00000100AC0001 /* PBXTargetDependency */ = {
			isa = PBXTargetDependency;
			target = 8B77C02C2C26A00100AC0001 /* AppleContainerMenu */;
			targetProxy = 8BAA70002E00000100AC0001 /* PBXContainerItemProxy */;
		};
/* End PBXTargetDependency section */

/* Begin PBXProject section */
		8B77C0252C26A00100AC0001 /* Project object */ = {
			isa = PBXProject;
			attributes = {
				BuildIndependentTargetsInParallel = 1;
				LastSwiftUpdateCheck = 2650;
				LastUpgradeCheck = 2650;
				TargetAttributes = {
					8B77C02C2C26A00100AC0001 = {
						CreatedOnToolsVersion = 26.5;
					};
					8BAA40002E00000100AC0001 = {
						CreatedOnToolsVersion = 26.5;
						TestTargetID = 8B77C02C2C26A00100AC0001;
					};
				};
			};
			buildConfigurationList = 8B77C0282C26A00100AC0001 /* Build configuration list for PBXProject "AppleContainerMenu" */;
			compatibilityVersion = "Xcode 14.0";
			developmentRegion = en;
			hasScannedForEncodings = 0;
			knownRegions = (
				en,
				Base,
			);
			mainGroup = 8B77C0242C26A00100AC0001;
			productRefGroup = 8B77C02E2C26A00100AC0001 /* Products */;
			projectDirPath = "";
			projectRoot = "";
			targets = (
				8B77C02C2C26A00100AC0001 /* AppleContainerMenu */,
				8BAA40002E00000100AC0001 /* AppleContainerMenuTests */,
			);
		};
/* End PBXProject section */

/* Begin PBXResourcesBuildPhase section */
		8B77C02B2C26A00100AC0001 /* Resources */ = {
			isa = PBXResourcesBuildPhase;
			buildActionMask = 2147483647;
			files = (
			);
			runOnlyForDeploymentPostprocessing = 0;
		};
/* End PBXResourcesBuildPhase section */

/* Begin PBXSourcesBuildPhase section */
		8B77C0292C26A00100AC0001 /* Sources */ = {
			isa = PBXSourcesBuildPhase;
			buildActionMask = 2147483647;
			files = (
				8B77C0312C26A00100AC0001 /* AppleContainerMenuApp.swift in Sources */,
				8B77C0412C26A00100AC0001 /* Container.swift in Sources */,
				8B77C0432C26A00100AC0001 /* MenuState.swift in Sources */,
				8B77C0452C26A00100AC0001 /* ContainerCLI.swift in Sources */,
				8B77C0472C26A00100AC0001 /* ContainerStore.swift in Sources */,
				8B77C0492C26A00100AC0001 /* AppDelegate.swift in Sources */,
			);
			runOnlyForDeploymentPostprocessing = 0;
		};
		8BAA50002E00000100AC0001 /* Sources */ = {
			isa = PBXSourcesBuildPhase;
			buildActionMask = 2147483647;
			files = (
				8BAA20012E00000100AC0001 /* TestTags.swift in Sources */,
				8BAA20022E00000100AC0001 /* MenuStateMatchers.swift in Sources */,
				8BAA20032E00000100AC0001 /* Fixtures.swift in Sources */,
				8BAA20042E00000100AC0001 /* StubContainerBinary.swift in Sources */,
				8BAA20052E00000100AC0001 /* FakeCLI.swift in Sources */,
				8BAA20062E00000100AC0001 /* ContainerDecodingTests.swift in Sources */,
				8BAA20072E00000100AC0001 /* ContainerLabelTests.swift in Sources */,
				8BAA20082E00000100AC0001 /* ContainerCLIFetchTests.swift in Sources */,
				8BAA20092E00000100AC0001 /* ContainerCLIFunctionalTests.swift in Sources */,
				8BAA200A2E00000100AC0001 /* ContainerCLITimeoutTests.swift in Sources */,
			);
			runOnlyForDeploymentPostprocessing = 0;
		};
/* End PBXSourcesBuildPhase section */

/* Begin XCBuildConfiguration section */
		8B77C0332C26A00100AC0001 /* Debug */ = {
			isa = XCBuildConfiguration;
			buildSettings = {
				ALWAYS_SEARCH_USER_PATHS = NO;
				ARCHS = arm64;
				CLANG_ANALYZER_NONNULL = YES;
				CLANG_ANALYZER_NUMBER_OBJECT_CONVERSION = YES_AGGRESSIVE;
				CLANG_CXX_LANGUAGE_STANDARD = "gnu++20";
				CLANG_ENABLE_MODULES = YES;
				CLANG_ENABLE_OBJC_ARC = YES;
				CLANG_ENABLE_OBJC_WEAK = YES;
				CLANG_WARN_BLOCK_CAPTURE_AUTORELEASING = YES;
				CLANG_WARN_BOOL_CONVERSION = YES;
				CLANG_WARN_COMMA = YES;
				CLANG_WARN_CONSTANT_CONVERSION = YES;
				CLANG_WARN_DEPRECATED_OBJC_IMPLEMENTATIONS = YES;
				CLANG_WARN_DIRECT_OBJC_ISA_USAGE = YES_ERROR;
				CLANG_WARN_DOCUMENTATION_COMMENTS = YES;
				CLANG_WARN_EMPTY_BODY = YES;
				CLANG_WARN_ENUM_CONVERSION = YES;
				CLANG_WARN_INFINITE_RECURSION = YES;
				CLANG_WARN_INT_CONVERSION = YES;
				CLANG_WARN_NON_LITERAL_NULL_CONVERSION = YES;
				CLANG_WARN_OBJC_IMPLICIT_RETAIN_SELF = YES;
				CLANG_WARN_OBJC_LITERAL_CONVERSION = YES;
				CLANG_WARN_OBJC_ROOT_CLASS = YES_ERROR;
				CLANG_WARN_QUOTED_INCLUDE_IN_FRAMEWORK_HEADER = YES;
				CLANG_WARN_RANGE_LOOP_ANALYSIS = YES;
				CLANG_WARN_STRICT_PROTOTYPES = YES;
				CLANG_WARN_SUSPICIOUS_MOVE = YES;
				CLANG_WARN_UNGUARDED_AVAILABILITY = YES_AGGRESSIVE;
				CLANG_WARN_UNREACHABLE_CODE = YES;
				CLANG_WARN__DUPLICATE_METHOD_MATCH = YES;
				COPY_PHASE_STRIP = NO;
				DEBUG_INFORMATION_FORMAT = dwarf;
				ENABLE_STRICT_OBJC_MSGSEND = YES;
				ENABLE_TESTABILITY = YES;
				ENABLE_USER_SCRIPT_SANDBOXING = YES;
				GCC_C_LANGUAGE_STANDARD = gnu17;
				GCC_DYNAMIC_NO_PIC = NO;
				GCC_NO_COMMON_BLOCKS = YES;
				GCC_OPTIMIZATION_LEVEL = 0;
				GCC_PREPROCESSOR_DEFINITIONS = (
					"DEBUG=1",
					"$(inherited)",
				);
				GCC_WARN_64_TO_32_BIT_CONVERSION = YES;
				GCC_WARN_ABOUT_RETURN_TYPE = YES_ERROR;
				GCC_WARN_UNDECLARED_SELECTOR = YES;
				GCC_WARN_UNINITIALIZED_AUTOS = YES_AGGRESSIVE;
				GCC_WARN_UNUSED_FUNCTION = YES;
				GCC_WARN_UNUSED_VARIABLE = YES;
				LOCALIZATION_PREFERS_STRING_CATALOGS = YES;
				MACOSX_DEPLOYMENT_TARGET = 13.0;
				MTL_ENABLE_DEBUG_INFO = INCLUDE_SOURCE;
				MTL_FAST_MATH = YES;
				ONLY_ACTIVE_ARCH = YES;
				SDKROOT = macosx;
				SWIFT_ACTIVE_COMPILATION_CONDITIONS = "DEBUG $(inherited)";
				SWIFT_OPTIMIZATION_LEVEL = "-Onone";
			};
			name = Debug;
		};
		8B77C0342C26A00100AC0001 /* Release */ = {
			isa = XCBuildConfiguration;
			buildSettings = {
				ALWAYS_SEARCH_USER_PATHS = NO;
				ARCHS = arm64;
				CLANG_ANALYZER_NONNULL = YES;
				CLANG_ANALYZER_NUMBER_OBJECT_CONVERSION = YES_AGGRESSIVE;
				CLANG_CXX_LANGUAGE_STANDARD = "gnu++20";
				CLANG_ENABLE_MODULES = YES;
				CLANG_ENABLE_OBJC_ARC = YES;
				CLANG_ENABLE_OBJC_WEAK = YES;
				CLANG_WARN_BLOCK_CAPTURE_AUTORELEASING = YES;
				CLANG_WARN_BOOL_CONVERSION = YES;
				CLANG_WARN_COMMA = YES;
				CLANG_WARN_CONSTANT_CONVERSION = YES;
				CLANG_WARN_DEPRECATED_OBJC_IMPLEMENTATIONS = YES;
				CLANG_WARN_DIRECT_OBJC_ISA_USAGE = YES_ERROR;
				CLANG_WARN_DOCUMENTATION_COMMENTS = YES;
				CLANG_WARN_EMPTY_BODY = YES;
				CLANG_WARN_ENUM_CONVERSION = YES;
				CLANG_WARN_INFINITE_RECURSION = YES;
				CLANG_WARN_INT_CONVERSION = YES;
				CLANG_WARN_NON_LITERAL_NULL_CONVERSION = YES;
				CLANG_WARN_OBJC_IMPLICIT_RETAIN_SELF = YES;
				CLANG_WARN_OBJC_LITERAL_CONVERSION = YES;
				CLANG_WARN_OBJC_ROOT_CLASS = YES_ERROR;
				CLANG_WARN_QUOTED_INCLUDE_IN_FRAMEWORK_HEADER = YES;
				CLANG_WARN_RANGE_LOOP_ANALYSIS = YES;
				CLANG_WARN_STRICT_PROTOTYPES = YES;
				CLANG_WARN_SUSPICIOUS_MOVE = YES;
				CLANG_WARN_UNGUARDED_AVAILABILITY = YES_AGGRESSIVE;
				CLANG_WARN_UNREACHABLE_CODE = YES;
				CLANG_WARN__DUPLICATE_METHOD_MATCH = YES;
				COPY_PHASE_STRIP = NO;
				DEBUG_INFORMATION_FORMAT = "dwarf-with-dsym";
				ENABLE_NS_ASSERTIONS = NO;
				ENABLE_STRICT_OBJC_MSGSEND = YES;
				ENABLE_USER_SCRIPT_SANDBOXING = YES;
				GCC_C_LANGUAGE_STANDARD = gnu17;
				GCC_NO_COMMON_BLOCKS = YES;
				GCC_WARN_64_TO_32_BIT_CONVERSION = YES;
				GCC_WARN_ABOUT_RETURN_TYPE = YES_ERROR;
				GCC_WARN_UNDECLARED_SELECTOR = YES;
				GCC_WARN_UNINITIALIZED_AUTOS = YES_AGGRESSIVE;
				GCC_WARN_UNUSED_FUNCTION = YES;
				GCC_WARN_UNUSED_VARIABLE = YES;
				LOCALIZATION_PREFERS_STRING_CATALOGS = YES;
				MACOSX_DEPLOYMENT_TARGET = 13.0;
				MTL_ENABLE_DEBUG_INFO = NO;
				MTL_FAST_MATH = YES;
				SDKROOT = macosx;
				SWIFT_COMPILATION_MODE = wholemodule;
			};
			name = Release;
		};
		8B77C0392C26A00100AC0001 /* Debug */ = {
			isa = XCBuildConfiguration;
			buildSettings = {
				ASSETCATALOG_COMPILER_GENERATE_SWIFT_ASSET_SYMBOL_EXTENSIONS = YES;
				CODE_SIGN_IDENTITY = "-";
				CODE_SIGN_STYLE = Manual;
				COMBINE_HIDPI_IMAGES = YES;
				CURRENT_PROJECT_VERSION = 1;
				DEVELOPMENT_ASSET_PATHS = "";
				GENERATE_INFOPLIST_FILE = NO;
				INFOPLIST_FILE = AppleContainerMenu/Info.plist;
				LD_RUNPATH_SEARCH_PATHS = (
					"$(inherited)",
					"@executable_path/../Frameworks",
				);
				MARKETING_VERSION = 0.1.0;
				PRODUCT_BUNDLE_IDENTIFIER = com.ahmadabdalla.apple-container-menu;
				PRODUCT_NAME = "$(TARGET_NAME)";
				SUPPORTED_PLATFORMS = macosx;
				SWIFT_EMIT_LOC_STRINGS = YES;
				SWIFT_VERSION = 5.0;
			};
			name = Debug;
		};
		8B77C03A2C26A00100AC0001 /* Release */ = {
			isa = XCBuildConfiguration;
			buildSettings = {
				ASSETCATALOG_COMPILER_GENERATE_SWIFT_ASSET_SYMBOL_EXTENSIONS = YES;
				CODE_SIGN_IDENTITY = "-";
				CODE_SIGN_STYLE = Manual;
				COMBINE_HIDPI_IMAGES = YES;
				CURRENT_PROJECT_VERSION = 1;
				DEVELOPMENT_ASSET_PATHS = "";
				GENERATE_INFOPLIST_FILE = NO;
				INFOPLIST_FILE = AppleContainerMenu/Info.plist;
				LD_RUNPATH_SEARCH_PATHS = (
					"$(inherited)",
					"@executable_path/../Frameworks",
				);
				MARKETING_VERSION = 0.1.0;
				PRODUCT_BUNDLE_IDENTIFIER = com.ahmadabdalla.apple-container-menu;
				PRODUCT_NAME = "$(TARGET_NAME)";
				SUPPORTED_PLATFORMS = macosx;
				SWIFT_EMIT_LOC_STRINGS = YES;
				SWIFT_VERSION = 5.0;
			};
			name = Release;
		};
		8BAA90012E00000100AC0001 /* Debug */ = {
			isa = XCBuildConfiguration;
			buildSettings = {
				ALWAYS_SEARCH_USER_PATHS = NO;
				ARCHS = arm64;
				BUNDLE_LOADER = "$(TEST_HOST)";
				CODE_SIGN_IDENTITY = "-";
				CODE_SIGN_STYLE = Manual;
				CURRENT_PROJECT_VERSION = 1;
				GENERATE_INFOPLIST_FILE = YES;
				MACOSX_DEPLOYMENT_TARGET = 14.0;
				MARKETING_VERSION = 0.1.0;
				PRODUCT_BUNDLE_IDENTIFIER = "com.ahmadabdalla.apple-container-menu.tests";
				PRODUCT_NAME = "$(TARGET_NAME)";
				SDKROOT = macosx;
				SUPPORTED_PLATFORMS = macosx;
				SWIFT_VERSION = 5.0;
				TEST_HOST = "$(BUILT_PRODUCTS_DIR)/AppleContainerMenu.app/Contents/MacOS/AppleContainerMenu";
			};
			name = Debug;
		};
		8BAA90022E00000100AC0001 /* Release */ = {
			isa = XCBuildConfiguration;
			buildSettings = {
				ALWAYS_SEARCH_USER_PATHS = NO;
				ARCHS = arm64;
				BUNDLE_LOADER = "$(TEST_HOST)";
				CODE_SIGN_IDENTITY = "-";
				CODE_SIGN_STYLE = Manual;
				CURRENT_PROJECT_VERSION = 1;
				GENERATE_INFOPLIST_FILE = YES;
				MACOSX_DEPLOYMENT_TARGET = 14.0;
				MARKETING_VERSION = 0.1.0;
				PRODUCT_BUNDLE_IDENTIFIER = "com.ahmadabdalla.apple-container-menu.tests";
				PRODUCT_NAME = "$(TARGET_NAME)";
				SDKROOT = macosx;
				SUPPORTED_PLATFORMS = macosx;
				SWIFT_VERSION = 5.0;
				TEST_HOST = "$(BUILT_PRODUCTS_DIR)/AppleContainerMenu.app/Contents/MacOS/AppleContainerMenu";
			};
			name = Release;
		};
/* End XCBuildConfiguration section */

/* Begin XCConfigurationList section */
		8B77C0282C26A00100AC0001 /* Build configuration list for PBXProject "AppleContainerMenu" */ = {
			isa = XCConfigurationList;
			buildConfigurations = (
				8B77C0332C26A00100AC0001 /* Debug */,
				8B77C0342C26A00100AC0001 /* Release */,
			);
			defaultConfigurationIsVisible = 0;
			defaultConfigurationName = Release;
		};
		8B77C0382C26A00100AC0001 /* Build configuration list for PBXNativeTarget "AppleContainerMenu" */ = {
			isa = XCConfigurationList;
			buildConfigurations = (
				8B77C0392C26A00100AC0001 /* Debug */,
				8B77C03A2C26A00100AC0001 /* Release */,
			);
			defaultConfigurationIsVisible = 0;
			defaultConfigurationName = Release;
		};
		8BAAA0002E00000100AC0001 /* Build configuration list for PBXNativeTarget "AppleContainerMenuTests" */ = {
			isa = XCConfigurationList;
			buildConfigurations = (
				8BAA90012E00000100AC0001 /* Debug */,
				8BAA90022E00000100AC0001 /* Release */,
			);
			defaultConfigurationIsVisible = 0;
			defaultConfigurationName = Release;
		};
/* End XCConfigurationList section */
	};
	rootObject = 8B77C0252C26A00100AC0001 /* Project object */;
}
